
Microsoft Visual Studio Solution File, Format Version 12.00
# Visual Studio 15
VisualStudioVersion = 15.0.27004.2006
MinimumVisualStudioVersion = 10.0.40219.1
Project("{888888A0-9F3D-457C-B088-3A5042F75D52}") = "Term Project", "Term Project\Term Project.pyproj", "{08B2516E-92CB-4C5B-8ACB-91BBE54E25A0}"
EndProject
Global
	GlobalSection(SolutionConfigurationPlatforms) = preSolution
		Debug|Any CPU = Debug|Any CPU
		Release|Any CPU = Release|Any CPU
	EndGlobalSection
	GlobalSection(ProjectConfigurationPlatforms) = postSolution
		{08B2516E-92CB-4C5B-8ACB-91BBE54E25A0}.Debug|Any CPU.ActiveCfg = Debug|Any CPU
		{08B2516E-92CB-4C5B-8ACB-91BBE54E25A0}.Release|Any CPU.ActiveCfg = Release|Any CPU
	EndGlobalSection
	GlobalSection(SolutionProperties) = preSolution
		HideSolutionNode = FALSE
	EndGlobalSection
	GlobalSection(ExtensibilityGlobals) = postSolution
		SolutionGuid = {D751AA96-A07F-4A38-BB8F-ED8BCA99F8B8}
	EndGlobalSection
EndGlobal
